
Microsoft Visual Studio Solution File, Format Version 9.00
# Visual Studio 2005
Project("{8BC9CEB8-8B4A-11D0-8D11-00A0C91BC942}") = "lldebug_frame", "lldebug_frame\lldebug_frame.vcproj", "{C51E3744-D9D7-4F2D-8C49-508A9FF0630D}"
EndProject
Project("{8BC9CEB8-8B4A-11D0-8D11-00A0C91BC942}") = "test", "test\test.vcproj", "{3E69284B-92F4-40F8-A510-33B2B8C700F3}"
EndProject
Global
	GlobalSection(SolutionConfigurationPlatforms) = preSolution
		Debug|Win32 = Debug|Win32
		Release|Win32 = Release|Win32
	EndGlobalSection
	GlobalSection(ProjectConfigurationPlatforms) = postSolution
		{C51E3744-D9D7-4F2D-8C49-508A9FF0630D}.Debug|Win32.ActiveCfg = Debug|Win32
		{C51E3744-D9D7-4F2D-8C49-508A9FF0630D}.Debug|Win32.Build.0 = Debug|Win32
		{C51E3744-D9D7-4F2D-8C49-508A9FF0630D}.Release|Win32.ActiveCfg = Release|Win32
		{C51E3744-D9D7-4F2D-8C49-508A9FF0630D}.Release|Win32.Build.0 = Release|Win32
		{3E69284B-92F4-40F8-A510-33B2B8C700F3}.Debug|Win32.ActiveCfg = Debug|Win32
		{3E69284B-92F4-40F8-A510-33B2B8C700F3}.Debug|Win32.Build.0 = Debug|Win32
		{3E69284B-92F4-40F8-A510-33B2B8C700F3}.Release|Win32.ActiveCfg = Release|Win32
		{3E69284B-92F4-40F8-A510-33B2B8C700F3}.Release|Win32.Build.0 = Release|Win32
	EndGlobalSection
	GlobalSection(SolutionProperties) = preSolution
		HideSolutionNode = FALSE
	EndGlobalSection
EndGlobal
